{
  "object": {
    "pins": [
      {
        "package": "SwiftExtensionsPack",
        "repositoryURL": "https://github.com/nerzh/swift-extensions-pack.git",
        "state": {
          "branch": null,
          "revision": "9c3351749390c138c803debec68cb8e039ef19d1",
          "version": "0.5.8"
        }
      },
      {
        "package": "SwiftRegularExpression",
        "repositoryURL": "https://github.com/nerzh/swift-regular-expression.git",
        "state": {
          "branch": null,
          "revision": "19c3e569a8e81da6f7f4ee3b73028c25737d3706",
          "version": "0.2.4"
        }
      }
    ]
  },
  "version": 1
}
